
Microsoft Visual Studio Solution File, Format Version 12.00
# Visual Studio Version 16
VisualStudioVersion = 16.0.31729.503
MinimumVisualStudioVersion = 10.0.40219.1
Project("{9A19103F-16F7-4668-BE54-9A1E7A4F7556}") = "C训练", "C训练.csproj", "{E0E7C93D-80CB-4DDF-AB5D-1F682FB9C060}"
EndProject
Global
	GlobalSection(SolutionConfigurationPlatforms) = preSolution
		Debug|Any CPU = Debug|Any CPU
		Debug|x86 = Debug|x86
		Release|Any CPU = Release|Any CPU
		Release|x86 = Release|x86
	EndGlobalSection
	GlobalSection(ProjectConfigurationPlatforms) = postSolution
		{E0E7C93D-80CB-4DDF-AB5D-1F682FB9C060}.Debug|Any CPU.ActiveCfg = Debug|Any CPU
		{E0E7C93D-80CB-4DDF-AB5D-1F682FB9C060}.Debug|Any CPU.Build.0 = Debug|Any CPU
		{E0E7C93D-80CB-4DDF-AB5D-1F682FB9C060}.Debug|x86.ActiveCfg = Debug|x86
		{E0E7C93D-80CB-4DDF-AB5D-1F682FB9C060}.Debug|x86.Build.0 = Debug|x86
		{E0E7C93D-80CB-4DDF-AB5D-1F682FB9C060}.Release|Any CPU.ActiveCfg = Release|Any CPU
		{E0E7C93D-80CB-4DDF-AB5D-1F682FB9C060}.Release|Any CPU.Build.0 = Release|Any CPU
		{E0E7C93D-80CB-4DDF-AB5D-1F682FB9C060}.Release|x86.ActiveCfg = Release|x86
		{E0E7C93D-80CB-4DDF-AB5D-1F682FB9C060}.Release|x86.Build.0 = Release|x86
	EndGlobalSection
	GlobalSection(SolutionProperties) = preSolution
		HideSolutionNode = FALSE
	EndGlobalSection
	GlobalSection(ExtensibilityGlobals) = postSolution
		SolutionGuid = {A94F73D2-6C1B-400C-A234-9C9EC5F010ED}
	EndGlobalSection
EndGlobal
